
Microsoft Visual Studio Solution File, Format Version 12.00
# Visual Studio Version 17
VisualStudioVersion = 17.9.34728.123
MinimumVisualStudioVersion = 10.0.40219.1
Project("{FAE04EC0-301F-11D3-BF4B-00C04F79EFBC}") = "ArashiDNS.K", "ArashiDNS.K\ArashiDNS.K.csproj", "{F562B2F1-FE95-4BA0-8F92-DD62C872D417}"
EndProject
Global
	GlobalSection(SolutionConfigurationPlatforms) = preSolution
		Debug|Any CPU = Debug|Any CPU
		Release|Any CPU = Release|Any CPU
	EndGlobalSection
	GlobalSection(ProjectConfigurationPlatforms) = postSolution
		{F562B2F1-FE95-4BA0-8F92-DD62C872D417}.Debug|Any CPU.ActiveCfg = Debug|Any CPU
		{F562B2F1-FE95-4BA0-8F92-DD62C872D417}.Debug|Any CPU.Build.0 = Debug|Any CPU
		{F562B2F1-FE95-4BA0-8F92-DD62C872D417}.Release|Any CPU.ActiveCfg = Release|Any CPU
		{F562B2F1-FE95-4BA0-8F92-DD62C872D417}.Release|Any CPU.Build.0 = Release|Any CPU
	EndGlobalSection
	GlobalSection(SolutionProperties) = preSolution
		HideSolutionNode = FALSE
	EndGlobalSection
	GlobalSection(ExtensibilityGlobals) = postSolution
		SolutionGuid = {80C17B30-3352-4ED1-8D73-908A42AF4931}
	EndGlobalSection
EndGlobal
